
Microsoft Visual Studio Solution File, Format Version 12.00
# Visual Studio 15
VisualStudioVersion = 15.0.28307.572
MinimumVisualStudioVersion = 10.0.40219.1
Project("{FAE04EC0-301F-11D3-BF4B-00C04F79EFBC}") = "DatabaseTest", "DatabaseTest\DatabaseTest.csproj", "{72D24982-8637-41BC-9465-E95E0AC6ADCC}"
EndProject
Global
	GlobalSection(SolutionConfigurationPlatforms) = preSolution
		Debug|Any CPU = Debug|Any CPU
		Release|Any CPU = Release|Any CPU
	EndGlobalSection
	GlobalSection(ProjectConfigurationPlatforms) = postSolution
		{72D24982-8637-41BC-9465-E95E0AC6ADCC}.Debug|Any CPU.ActiveCfg = Debug|Any CPU
		{72D24982-8637-41BC-9465-E95E0AC6ADCC}.Debug|Any CPU.Build.0 = Debug|Any CPU
		{72D24982-8637-41BC-9465-E95E0AC6ADCC}.Release|Any CPU.ActiveCfg = Release|Any CPU
		{72D24982-8637-41BC-9465-E95E0AC6ADCC}.Release|Any CPU.Build.0 = Release|Any CPU
	EndGlobalSection
	GlobalSection(SolutionProperties) = preSolution
		HideSolutionNode = FALSE
	EndGlobalSection
	GlobalSection(ExtensibilityGlobals) = postSolution
		SolutionGuid = {807C3E5B-1663-4F0B-BEAC-C57BC56004BE}
	EndGlobalSection
EndGlobal
